// !$*UTF8*$!
{
	archiveVersion = 1;
	classes = {
	};
	objectVersion = 55;
	objects = {

/* Begin PBXBuildFile section */
		24B9BAF97C9ED4F974BBA5DE /* Pods_Checkout3DSecurePaymentTests.framework in Frameworks */ = {isa = PBXBuildFile; fileRef = 4360E96721374737E3064EDD /* Pods_Checkout3DSecurePaymentTests.framework */; };
		3206E22828C4EAB400AAA7BB /* ExpiryDateValidator.swift in Sources */ = {isa = PBXBuildFile; fileRef = 3206E22728C4EAB400AAA7BB /* ExpiryDateValidator.swift */; };
		3206E22A28C4EB8600AAA7BB /* String.swift in Sources */ = {isa = PBXBuildFile; fileRef = 3206E22928C4EB8600AAA7BB /* String.swift */; };
		3206E22C28C4EC0800AAA7BB /* Date.swift in Sources */ = {isa = PBXBuildFile; fileRef = 3206E22B28C4EC0800AAA7BB /* Date.swift */; };
		3206E22E28C4ED2400AAA7BB /* CVVValidator.swift in Sources */ = {isa = PBXBuildFile; fileRef = 3206E22D28C4ED2400AAA7BB /* CVVValidator.swift */; };
		3206E23028C4FC3500AAA7BB /* ExpiryDateFormatter.swift in Sources */ = {isa = PBXBuildFile; fileRef = 3206E22F28C4FC3500AAA7BB /* ExpiryDateFormatter.swift */; };
		3206E23228C5021E00AAA7BB /* BindableType.swift in Sources */ = {isa = PBXBuildFile; fileRef = 3206E23128C5021E00AAA7BB /* BindableType.swift */; };
		3206E23428C502DD00AAA7BB /* CardPaymentViewModel.swift in Sources */ = {isa = PBXBuildFile; fileRef = 3206E23328C502DD00AAA7BB /* CardPaymentViewModel.swift */; };
		3279F74D28C440BB00E6C3D5 /* DesignSystem.swift in Sources */ = {isa = PBXBuildFile; fileRef = 3279F74C28C440BB00E6C3D5 /* DesignSystem.swift */; };
		3279F74F28C4415600E6C3D5 /* Colors.swift in Sources */ = {isa = PBXBuildFile; fileRef = 3279F74E28C4415600E6C3D5 /* Colors.swift */; };
		3279F75228C4486500E6C3D5 /* BaseViewController.swift in Sources */ = {isa = PBXBuildFile; fileRef = 3279F75128C4486500E6C3D5 /* BaseViewController.swift */; };
		3279F75628C44CE300E6C3D5 /* Button.swift in Sources */ = {isa = PBXBuildFile; fileRef = 3279F75528C44CE300E6C3D5 /* Button.swift */; };
		3279F75828C44F0100E6C3D5 /* Fonts.swift in Sources */ = {isa = PBXBuildFile; fileRef = 3279F75728C44F0100E6C3D5 /* Fonts.swift */; };
		3279F75B28C465A700E6C3D5 /* Styles.swift in Sources */ = {isa = PBXBuildFile; fileRef = 3279F75A28C465A700E6C3D5 /* Styles.swift */; };
		3279F75E28C468DD00E6C3D5 /* Localizable.strings in Resources */ = {isa = PBXBuildFile; fileRef = 3279F75D28C468DD00E6C3D5 /* Localizable.strings */; };
		3279F76228C46C5D00E6C3D5 /* Localization.swift in Sources */ = {isa = PBXBuildFile; fileRef = 3279F76128C46C5D00E6C3D5 /* Localization.swift */; };
		3279F76428C4721C00E6C3D5 /* Constants.swift in Sources */ = {isa = PBXBuildFile; fileRef = 3279F76328C4721C00E6C3D5 /* Constants.swift */; };
		3279F76628C4762D00E6C3D5 /* Sizers.swift in Sources */ = {isa = PBXBuildFile; fileRef = 3279F76528C4762D00E6C3D5 /* Sizers.swift */; };
		3279F76B28C47E2100E6C3D5 /* CardUtils.swift in Sources */ = {isa = PBXBuildFile; fileRef = 3279F76A28C47E2100E6C3D5 /* CardUtils.swift */; };
		3279F76E28C4803A00E6C3D5 /* CardUtilsTest.swift in Sources */ = {isa = PBXBuildFile; fileRef = 3279F76D28C4803A00E6C3D5 /* CardUtilsTest.swift */; };
		3279F77128C48B3000E6C3D5 /* Formattable.swift in Sources */ = {isa = PBXBuildFile; fileRef = 3279F77028C48B3000E6C3D5 /* Formattable.swift */; };
		3279F77328C48B4C00E6C3D5 /* CreditCardNumberFormatter.swift in Sources */ = {isa = PBXBuildFile; fileRef = 3279F77228C48B4C00E6C3D5 /* CreditCardNumberFormatter.swift */; };
		327C019A28C4C0E500C9A3C2 /* Validator.swift in Sources */ = {isa = PBXBuildFile; fileRef = 327C019928C4C0E500C9A3C2 /* Validator.swift */; };
		327C019C28C4C15800C9A3C2 /* CreditCardValidator.swift in Sources */ = {isa = PBXBuildFile; fileRef = 327C019B28C4C15800C9A3C2 /* CreditCardValidator.swift */; };
		327E4E7A28C3CDD600E8923B /* UIStackView.swift in Sources */ = {isa = PBXBuildFile; fileRef = 327E4E7928C3CDD600E8923B /* UIStackView.swift */; };
		327E4E7C28C3CEEA00E8923B /* ExpiryCVVView.swift in Sources */ = {isa = PBXBuildFile; fileRef = 327E4E7B28C3CEEA00E8923B /* ExpiryCVVView.swift */; };
		327E4E7E28C3CF8A00E8923B /* ExpiryViewModel.swift in Sources */ = {isa = PBXBuildFile; fileRef = 327E4E7D28C3CF8A00E8923B /* ExpiryViewModel.swift */; };
		327E4E8028C3CFCA00E8923B /* CVVViewModel.swift in Sources */ = {isa = PBXBuildFile; fileRef = 327E4E7F28C3CFCA00E8923B /* CVVViewModel.swift */; };
		327E4E8228C3D20600E8923B /* ExpiryCVVViewModel.swift in Sources */ = {isa = PBXBuildFile; fileRef = 327E4E8128C3D20600E8923B /* ExpiryCVVViewModel.swift */; };
		32A592E128C3345300627137 /* AppDelegate.swift in Sources */ = {isa = PBXBuildFile; fileRef = 32A592E028C3345300627137 /* AppDelegate.swift */; };
		32A592E328C3345300627137 /* SceneDelegate.swift in Sources */ = {isa = PBXBuildFile; fileRef = 32A592E228C3345300627137 /* SceneDelegate.swift */; };
		32A592E528C3345300627137 /* CardPaymentViewController.swift in Sources */ = {isa = PBXBuildFile; fileRef = 32A592E428C3345300627137 /* CardPaymentViewController.swift */; };
		32A592EA28C3345500627137 /* Assets.xcassets in Resources */ = {isa = PBXBuildFile; fileRef = 32A592E928C3345500627137 /* Assets.xcassets */; };
		32A592ED28C3345500627137 /* LaunchScreen.storyboard in Resources */ = {isa = PBXBuildFile; fileRef = 32A592EB28C3345500627137 /* LaunchScreen.storyboard */; };
		32A592F828C3345600627137 /* Checkout3DSecurePaymentTests.swift in Sources */ = {isa = PBXBuildFile; fileRef = 32A592F728C3345600627137 /* Checkout3DSecurePaymentTests.swift */; };
		32A5931228C3381000627137 /* CardPayment.swift in Sources */ = {isa = PBXBuildFile; fileRef = 32A5931128C3381000627137 /* CardPayment.swift */; };
		32D28F8D28C6221200A8E4AA /* PaymentComplete.swift in Sources */ = {isa = PBXBuildFile; fileRef = 32D28F8C28C6221200A8E4AA /* PaymentComplete.swift */; };
		32D28F8F28C6225300A8E4AA /* PaymentCompleteViewController.swift in Sources */ = {isa = PBXBuildFile; fileRef = 32D28F8E28C6225300A8E4AA /* PaymentCompleteViewController.swift */; };
		32D998C828C393ED00082E8D /* Coordinator.swift in Sources */ = {isa = PBXBuildFile; fileRef = 32D998C728C393ED00082E8D /* Coordinator.swift */; };
		32D998CA28C3940600082E8D /* MainCoordinator.swift in Sources */ = {isa = PBXBuildFile; fileRef = 32D998C928C3940600082E8D /* MainCoordinator.swift */; };
		32D998CD28C3972100082E8D /* InputViewValidatable.swift in Sources */ = {isa = PBXBuildFile; fileRef = 32D998CC28C3972100082E8D /* InputViewValidatable.swift */; };
		32D998CF28C3984300082E8D /* InputViewDataProvidable.swift in Sources */ = {isa = PBXBuildFile; fileRef = 32D998CE28C3984300082E8D /* InputViewDataProvidable.swift */; };
		32D998D128C39CB800082E8D /* TextInput.swift in Sources */ = {isa = PBXBuildFile; fileRef = 32D998D028C39CB800082E8D /* TextInput.swift */; };
		32D998D328C3A12100082E8D /* CreditCardInputViewModel.swift in Sources */ = {isa = PBXBuildFile; fileRef = 32D998D228C3A12100082E8D /* CreditCardInputViewModel.swift */; };
		32D998D728C3AE1E00082E8D /* CreditCardType.swift in Sources */ = {isa = PBXBuildFile; fileRef = 32D998D628C3AE1E00082E8D /* CreditCardType.swift */; };
		32D998DB28C3BB2400082E8D /* AcceptedCardsView.swift in Sources */ = {isa = PBXBuildFile; fileRef = 32D998DA28C3BB2400082E8D /* AcceptedCardsView.swift */; };
		32DDD5B428C5B44D00B6985C /* StringExtensionTest.swift in Sources */ = {isa = PBXBuildFile; fileRef = 32DDD5B328C5B44D00B6985C /* StringExtensionTest.swift */; };
		32DDD5B628C5B61900B6985C /* DateExtensionTests.swift in Sources */ = {isa = PBXBuildFile; fileRef = 32DDD5B528C5B61900B6985C /* DateExtensionTests.swift */; };
		32DDD5B928C5C2CB00B6985C /* CreditCardValidatorTest.swift in Sources */ = {isa = PBXBuildFile; fileRef = 32DDD5B828C5C2CB00B6985C /* CreditCardValidatorTest.swift */; };
		32DDD5BB28C5C8E700B6985C /* ExpiryDateValidatorTest.swift in Sources */ = {isa = PBXBuildFile; fileRef = 32DDD5BA28C5C8E700B6985C /* ExpiryDateValidatorTest.swift */; };
		32DDD5BD28C5CCF400B6985C /* CVVValidatorTest.swift in Sources */ = {isa = PBXBuildFile; fileRef = 32DDD5BC28C5CCF400B6985C /* CVVValidatorTest.swift */; };
		32DDD5C028C5CE5400B6985C /* CreditCardNumberFormatterTest.swift in Sources */ = {isa = PBXBuildFile; fileRef = 32DDD5BF28C5CE5400B6985C /* CreditCardNumberFormatterTest.swift */; };
		32DDD5C228C5D07800B6985C /* ExpiryDateFormatterTest.swift in Sources */ = {isa = PBXBuildFile; fileRef = 32DDD5C128C5D07800B6985C /* ExpiryDateFormatterTest.swift */; };
		32DDD5C528C5DC6800B6985C /* DataProvider.swift in Sources */ = {isa = PBXBuildFile; fileRef = 32DDD5C428C5DC6800B6985C /* DataProvider.swift */; };
		32DDD5C728C5DCA800B6985C /* EndPoint.swift in Sources */ = {isa = PBXBuildFile; fileRef = 32DDD5C628C5DCA800B6985C /* EndPoint.swift */; };
		32DDD5C928C5DE2800B6985C /* NetworkAgent.swift in Sources */ = {isa = PBXBuildFile; fileRef = 32DDD5C828C5DE2800B6985C /* NetworkAgent.swift */; };
		32DDD5CB28C5E46F00B6985C /* Service.swift in Sources */ = {isa = PBXBuildFile; fileRef = 32DDD5CA28C5E46F00B6985C /* Service.swift */; };
		32DDD5CD28C5E49000B6985C /* ServiceFactory.swift in Sources */ = {isa = PBXBuildFile; fileRef = 32DDD5CC28C5E49000B6985C /* ServiceFactory.swift */; };
		32DDD5D028C5E4C900B6985C /* CardPaymentUseCase.swift in Sources */ = {isa = PBXBuildFile; fileRef = 32DDD5CF28C5E4C900B6985C /* CardPaymentUseCase.swift */; };
		32DDD5D228C5EEE400B6985C /* Array.swift in Sources */ = {isa = PBXBuildFile; fileRef = 32DDD5D128C5EEE300B6985C /* Array.swift */; };
		32DDD5D428C5F4F200B6985C /* URLRequest.swift in Sources */ = {isa = PBXBuildFile; fileRef = 32DDD5D328C5F4F200B6985C /* URLRequest.swift */; };
		32DDD5D628C5F8DC00B6985C /* PaymentRequestBody.swift in Sources */ = {isa = PBXBuildFile; fileRef = 32DDD5D528C5F8DC00B6985C /* PaymentRequestBody.swift */; };
		32DDD5D928C60C9400B6985C /* ThreeDSPayment.swift in Sources */ = {isa = PBXBuildFile; fileRef = 32DDD5D828C60C9400B6985C /* ThreeDSPayment.swift */; };
		32DDD5DB28C60E3C00B6985C /* ThreeDSWebViewController.swift in Sources */ = {isa = PBXBuildFile; fileRef = 32DDD5DA28C60E3C00B6985C /* ThreeDSWebViewController.swift */; };
		32DDD5DD28C60F0900B6985C /* ThreeDSPaymentProtocoal.swift in Sources */ = {isa = PBXBuildFile; fileRef = 32DDD5DC28C60F0900B6985C /* ThreeDSPaymentProtocoal.swift */; };
		F35C58FA34DBA77B7C4E0518 /* Pods_Checkout3DSecurePayment.framework in Frameworks */ = {isa = PBXBuildFile; fileRef = E905BE8B37E97C3410FA4955 /* Pods_Checkout3DSecurePayment.framework */; };
/* End PBXBuildFile section */

/* Begin PBXContainerItemProxy section */
		32A592F428C3345600627137 /* PBXContainerItemProxy */ = {
			isa = PBXContainerItemProxy;
			containerPortal = 32A592D528C3345300627137 /* Project object */;
			proxyType = 1;
			remoteGlobalIDString = 32A592DC28C3345300627137;
			remoteInfo = Checkout3DSecurePayment;
		};
/* End PBXContainerItemProxy section */

/* Begin PBXFileReference section */
		3206E22728C4EAB400AAA7BB /* ExpiryDateValidator.swift */ = {isa = PBXFileReference; lastKnownFileType = sourcecode.swift; path = ExpiryDateValidator.swift; sourceTree = "<group>"; };
		3206E22928C4EB8600AAA7BB /* String.swift */ = {isa = PBXFileReference; lastKnownFileType = sourcecode.swift; path = String.swift; sourceTree = "<group>"; };
		3206E22B28C4EC0800AAA7BB /* Date.swift */ = {isa = PBXFileReference; lastKnownFileType = sourcecode.swift; path = Date.swift; sourceTree = "<group>"; };
		3206E22D28C4ED2400AAA7BB /* CVVValidator.swift */ = {isa = PBXFileReference; lastKnownFileType = sourcecode.swift; path = CVVValidator.swift; sourceTree = "<group>"; };
		3206E22F28C4FC3500AAA7BB /* ExpiryDateFormatter.swift */ = {isa = PBXFileReference; lastKnownFileType = sourcecode.swift; path = ExpiryDateFormatter.swift; sourceTree = "<group>"; };
		3206E23128C5021E00AAA7BB /* BindableType.swift */ = {isa = PBXFileReference; lastKnownFileType = sourcecode.swift; path = BindableType.swift; sourceTree = "<group>"; };
		3206E23328C502DD00AAA7BB /* CardPaymentViewModel.swift */ = {isa = PBXFileReference; lastKnownFileType = sourcecode.swift; path = CardPaymentViewModel.swift; sourceTree = "<group>"; };
		3279F74C28C440BB00E6C3D5 /* DesignSystem.swift */ = {isa = PBXFileReference; lastKnownFileType = sourcecode.swift; path = DesignSystem.swift; sourceTree = "<group>"; };
		3279F74E28C4415600E6C3D5 /* Colors.swift */ = {isa = PBXFileReference; lastKnownFileType = sourcecode.swift; path = Colors.swift; sourceTree = "<group>"; };
		3279F75128C4486500E6C3D5 /* BaseViewController.swift */ = {isa = PBXFileReference; lastKnownFileType = sourcecode.swift; path = BaseViewController.swift; sourceTree = "<group>"; };
		3279F75528C44CE300E6C3D5 /* Button.swift */ = {isa = PBXFileReference; lastKnownFileType = sourcecode.swift; path = Button.swift; sourceTree = "<group>"; };
		3279F75728C44F0100E6C3D5 /* Fonts.swift */ = {isa = PBXFileReference; lastKnownFileType = sourcecode.swift; path = Fonts.swift; sourceTree = "<group>"; };
		3279F75A28C465A700E6C3D5 /* Styles.swift */ = {isa = PBXFileReference; lastKnownFileType = sourcecode.swift; path = Styles.swift; sourceTree = "<group>"; };
		3279F75D28C468DD00E6C3D5 /* Localizable.strings */ = {isa = PBXFileReference; lastKnownFileType = text.plist.strings; path = Localizable.strings; sourceTree = "<group>"; };
		3279F76128C46C5D00E6C3D5 /* Localization.swift */ = {isa = PBXFileReference; lastKnownFileType = sourcecode.swift; path = Localization.swift; sourceTree = "<group>"; };
		3279F76328C4721C00E6C3D5 /* Constants.swift */ = {isa = PBXFileReference; lastKnownFileType = sourcecode.swift; path = Constants.swift; sourceTree = "<group>"; };
		3279F76528C4762D00E6C3D5 /* Sizers.swift */ = {isa = PBXFileReference; lastKnownFileType = sourcecode.swift; path = Sizers.swift; sourceTree = "<group>"; };
		3279F76A28C47E2100E6C3D5 /* CardUtils.swift */ = {isa = PBXFileReference; lastKnownFileType = sourcecode.swift; path = CardUtils.swift; sourceTree = "<group>"; };
		3279F76D28C4803A00E6C3D5 /* CardUtilsTest.swift */ = {isa = PBXFileReference; lastKnownFileType = sourcecode.swift; path = CardUtilsTest.swift; sourceTree = "<group>"; };
		3279F77028C48B3000E6C3D5 /* Formattable.swift */ = {isa = PBXFileReference; lastKnownFileType = sourcecode.swift; path = Formattable.swift; sourceTree = "<group>"; };
		3279F77228C48B4C00E6C3D5 /* CreditCardNumberFormatter.swift */ = {isa = PBXFileReference; lastKnownFileType = sourcecode.swift; path = CreditCardNumberFormatter.swift; sourceTree = "<group>"; };
		327C019928C4C0E500C9A3C2 /* Validator.swift */ = {isa = PBXFileReference; lastKnownFileType = sourcecode.swift; path = Validator.swift; sourceTree = "<group>"; };
		327C019B28C4C15800C9A3C2 /* CreditCardValidator.swift */ = {isa = PBXFileReference; lastKnownFileType = sourcecode.swift; path = CreditCardValidator.swift; sourceTree = "<group>"; };
		327E4E7928C3CDD600E8923B /* UIStackView.swift */ = {isa = PBXFileReference; lastKnownFileType = sourcecode.swift; path = UIStackView.swift; sourceTree = "<group>"; };
		327E4E7B28C3CEEA00E8923B /* ExpiryCVVView.swift */ = {isa = PBXFileReference; lastKnownFileType = sourcecode.swift; path = ExpiryCVVView.swift; sourceTree = "<group>"; };
		327E4E7D28C3CF8A00E8923B /* ExpiryViewModel.swift */ = {isa = PBXFileReference; lastKnownFileType = sourcecode.swift; path = ExpiryViewModel.swift; sourceTree = "<group>"; };
		327E4E7F28C3CFCA00E8923B /* CVVViewModel.swift */ = {isa = PBXFileReference; lastKnownFileType = sourcecode.swift; path = CVVViewModel.swift; sourceTree = "<group>"; };
		327E4E8128C3D20600E8923B /* ExpiryCVVViewModel.swift */ = {isa = PBXFileReference; lastKnownFileType = sourcecode.swift; path = ExpiryCVVViewModel.swift; sourceTree = "<group>"; };
		32A592DD28C3345300627137 /* Checkout3DSecurePayment.app */ = {isa = PBXFileReference; explicitFileType = wrapper.application; includeInIndex = 0; path = Checkout3DSecurePayment.app; sourceTree = BUILT_PRODUCTS_DIR; };
		32A592E028C3345300627137 /* AppDelegate.swift */ = {isa = PBXFileReference; lastKnownFileType = sourcecode.swift; path = AppDelegate.swift; sourceTree = "<group>"; };
		32A592E228C3345300627137 /* SceneDelegate.swift */ = {isa = PBXFileReference; lastKnownFileType = sourcecode.swift; path = SceneDelegate.swift; sourceTree = "<group>"; };
		32A592E428C3345300627137 /* CardPaymentViewController.swift */ = {isa = PBXFileReference; lastKnownFileType = sourcecode.swift; path = CardPaymentViewController.swift; sourceTree = "<group>"; };
		32A592E928C3345500627137 /* Assets.xcassets */ = {isa = PBXFileReference; lastKnownFileType = folder.assetcatalog; path = Assets.xcassets; sourceTree = "<group>"; };
		32A592EC28C3345500627137 /* Base */ = {isa = PBXFileReference; lastKnownFileType = file.storyboard; name = Base; path = Base.lproj/LaunchScreen.storyboard; sourceTree = "<group>"; };
		32A592EE28C3345500627137 /* Info.plist */ = {isa = PBXFileReference; lastKnownFileType = text.plist.xml; path = Info.plist; sourceTree = "<group>"; };
		32A592F328C3345600627137 /* Checkout3DSecurePaymentTests.xctest */ = {isa = PBXFileReference; explicitFileType = wrapper.cfbundle; includeInIndex = 0; path = Checkout3DSecurePaymentTests.xctest; sourceTree = BUILT_PRODUCTS_DIR; };
		32A592F728C3345600627137 /* Checkout3DSecurePaymentTests.swift */ = {isa = PBXFileReference; lastKnownFileType = sourcecode.swift; path = Checkout3DSecurePaymentTests.swift; sourceTree = "<group>"; };
		32A5931128C3381000627137 /* CardPayment.swift */ = {isa = PBXFileReference; lastKnownFileType = sourcecode.swift; path = CardPayment.swift; sourceTree = "<group>"; };
		32D28F8C28C6221200A8E4AA /* PaymentComplete.swift */ = {isa = PBXFileReference; lastKnownFileType = sourcecode.swift; path = PaymentComplete.swift; sourceTree = "<group>"; };
		32D28F8E28C6225300A8E4AA /* PaymentCompleteViewController.swift */ = {isa = PBXFileReference; lastKnownFileType = sourcecode.swift; path = PaymentCompleteViewController.swift; sourceTree = "<group>"; };
		32D998C728C393ED00082E8D /* Coordinator.swift */ = {isa = PBXFileReference; lastKnownFileType = sourcecode.swift; path = Coordinator.swift; sourceTree = "<group>"; };
		32D998C928C3940600082E8D /* MainCoordinator.swift */ = {isa = PBXFileReference; lastKnownFileType = sourcecode.swift; path = MainCoordinator.swift; sourceTree = "<group>"; };
		32D998CC28C3972100082E8D /* InputViewValidatable.swift */ = {isa = PBXFileReference; lastKnownFileType = sourcecode.swift; path = InputViewValidatable.swift; sourceTree = "<group>"; };
		32D998CE28C3984300082E8D /* InputViewDataProvidable.swift */ = {isa = PBXFileReference; lastKnownFileType = sourcecode.swift; path = InputViewDataProvidable.swift; sourceTree = "<group>"; };
		32D998D028C39CB800082E8D /* TextInput.swift */ = {isa = PBXFileReference; lastKnownFileType = sourcecode.swift; path = TextInput.swift; sourceTree = "<group>"; };
		32D998D228C3A12100082E8D /* CreditCardInputViewModel.swift */ = {isa = PBXFileReference; lastKnownFileType = sourcecode.swift; path = CreditCardInputViewModel.swift; sourceTree = "<group>"; };
		32D998D628C3AE1E00082E8D /* CreditCardType.swift */ = {isa = PBXFileReference; lastKnownFileType = sourcecode.swift; path = CreditCardType.swift; sourceTree = "<group>"; };
		32D998DA28C3BB2400082E8D /* AcceptedCardsView.swift */ = {isa = PBXFileReference; lastKnownFileType = sourcecode.swift; path = AcceptedCardsView.swift; sourceTree = "<group>"; };
		32DDD5B328C5B44D00B6985C /* StringExtensionTest.swift */ = {isa = PBXFileReference; lastKnownFileType = sourcecode.swift; path = StringExtensionTest.swift; sourceTree = "<group>"; };
		32DDD5B528C5B61900B6985C /* DateExtensionTests.swift */ = {isa = PBXFileReference; lastKnownFileType = sourcecode.swift; path = DateExtensionTests.swift; sourceTree = "<group>"; };
		32DDD5B828C5C2CB00B6985C /* CreditCardValidatorTest.swift */ = {isa = PBXFileReference; lastKnownFileType = sourcecode.swift; path = CreditCardValidatorTest.swift; sourceTree = "<group>"; };
		32DDD5BA28C5C8E700B6985C /* ExpiryDateValidatorTest.swift */ = {isa = PBXFileReference; lastKnownFileType = sourcecode.swift; path = ExpiryDateValidatorTest.swift; sourceTree = "<group>"; };
		32DDD5BC28C5CCF400B6985C /* CVVValidatorTest.swift */ = {isa = PBXFileReference; lastKnownFileType = sourcecode.swift; path = CVVValidatorTest.swift; sourceTree = "<group>"; };
		32DDD5BF28C5CE5400B6985C /* CreditCardNumberFormatterTest.swift */ = {isa = PBXFileReference; lastKnownFileType = sourcecode.swift; path = CreditCardNumberFormatterTest.swift; sourceTree = "<group>"; };
		32DDD5C128C5D07800B6985C /* ExpiryDateFormatterTest.swift */ = {isa = PBXFileReference; lastKnownFileType = sourcecode.swift; path = ExpiryDateFormatterTest.swift; sourceTree = "<group>"; };
		32DDD5C428C5DC6800B6985C /* DataProvider.swift */ = {isa = PBXFileReference; lastKnownFileType = sourcecode.swift; path = DataProvider.swift; sourceTree = "<group>"; };
		32DDD5C628C5DCA800B6985C /* EndPoint.swift */ = {isa = PBXFileReference; lastKnownFileType = sourcecode.swift; path = EndPoint.swift; sourceTree = "<group>"; };
		32DDD5C828C5DE2800B6985C /* NetworkAgent.swift */ = {isa = PBXFileReference; lastKnownFileType = sourcecode.swift; path = NetworkAgent.swift; sourceTree = "<group>"; };
		32DDD5CA28C5E46F00B6985C /* Service.swift */ = {isa = PBXFileReference; lastKnownFileType = sourcecode.swift; path = Service.swift; sourceTree = "<group>"; };
		32DDD5CC28C5E49000B6985C /* ServiceFactory.swift */ = {isa = PBXFileReference; lastKnownFileType = sourcecode.swift; path = ServiceFactory.swift; sourceTree = "<group>"; };
		32DDD5CF28C5E4C900B6985C /* CardPaymentUseCase.swift */ = {isa = PBXFileReference; lastKnownFileType = sourcecode.swift; path = CardPaymentUseCase.swift; sourceTree = "<group>"; };
		32DDD5D128C5EEE300B6985C /* Array.swift */ = {isa = PBXFileReference; lastKnownFileType = sourcecode.swift; path = Array.swift; sourceTree = "<group>"; };
		32DDD5D328C5F4F200B6985C /* URLRequest.swift */ = {isa = PBXFileReference; lastKnownFileType = sourcecode.swift; path = URLRequest.swift; sourceTree = "<group>"; };
		32DDD5D528C5F8DC00B6985C /* PaymentRequestBody.swift */ = {isa = PBXFileReference; lastKnownFileType = sourcecode.swift; path = PaymentRequestBody.swift; sourceTree = "<group>"; };
		32DDD5D828C60C9400B6985C /* ThreeDSPayment.swift */ = {isa = PBXFileReference; lastKnownFileType = sourcecode.swift; path = ThreeDSPayment.swift; sourceTree = "<group>"; };
		32DDD5DA28C60E3C00B6985C /* ThreeDSWebViewController.swift */ = {isa = PBXFileReference; lastKnownFileType = sourcecode.swift; path = ThreeDSWebViewController.swift; sourceTree = "<group>"; };
		32DDD5DC28C60F0900B6985C /* ThreeDSPaymentProtocoal.swift */ = {isa = PBXFileReference; lastKnownFileType = sourcecode.swift; path = ThreeDSPaymentProtocoal.swift; sourceTree = "<group>"; };
		4360E96721374737E3064EDD /* Pods_Checkout3DSecurePaymentTests.framework */ = {isa = PBXFileReference; explicitFileType = wrapper.framework; includeInIndex = 0; path = Pods_Checkout3DSecurePaymentTests.framework; sourceTree = BUILT_PRODUCTS_DIR; };
		6743217FFA42CE3AE14DB75A /* Pods-Checkout3DSecurePaymentTests.release.xcconfig */ = {isa = PBXFileReference; includeInIndex = 1; lastKnownFileType = text.xcconfig; name = "Pods-Checkout3DSecurePaymentTests.release.xcconfig"; path = "Target Support Files/Pods-Checkout3DSecurePaymentTests/Pods-Checkout3DSecurePaymentTests.release.xcconfig"; sourceTree = "<group>"; };
		6B462831B8C9112866DBEAAE /* Pods-Checkout3DSecurePayment.release.xcconfig */ = {isa = PBXFileReference; includeInIndex = 1; lastKnownFileType = text.xcconfig; name = "Pods-Checkout3DSecurePayment.release.xcconfig"; path = "Target Support Files/Pods-Checkout3DSecurePayment/Pods-Checkout3DSecurePayment.release.xcconfig"; sourceTree = "<group>"; };
		E905BE8B37E97C3410FA4955 /* Pods_Checkout3DSecurePayment.framework */ = {isa = PBXFileReference; explicitFileType = wrapper.framework; includeInIndex = 0; path = Pods_Checkout3DSecurePayment.framework; sourceTree = BUILT_PRODUCTS_DIR; };
		EA13B7E33A009684E59DEDEE /* Pods-Checkout3DSecurePayment.debug.xcconfig */ = {isa = PBXFileReference; includeInIndex = 1; lastKnownFileType = text.xcconfig; name = "Pods-Checkout3DSecurePayment.debug.xcconfig"; path = "Target Support Files/Pods-Checkout3DSecurePayment/Pods-Checkout3DSecurePayment.debug.xcconfig"; sourceTree = "<group>"; };
		F879246BACC60BE82D044668 /* Pods-Checkout3DSecurePaymentTests.debug.xcconfig */ = {isa = PBXFileReference; includeInIndex = 1; lastKnownFileType = text.xcconfig; name = "Pods-Checkout3DSecurePaymentTests.debug.xcconfig"; path = "Target Support Files/Pods-Checkout3DSecurePaymentTests/Pods-Checkout3DSecurePaymentTests.debug.xcconfig"; sourceTree = "<group>"; };
/* End PBXFileReference section */

/* Begin PBXFrameworksBuildPhase section */
		32A592DA28C3345300627137 /* Frameworks */ = {
			isa = PBXFrameworksBuildPhase;
			buildActionMask = 2147483647;
			files = (
				F35C58FA34DBA77B7C4E0518 /* Pods_Checkout3DSecurePayment.framework in Frameworks */,
			);
			runOnlyForDeploymentPostprocessing = 0;
		};
		32A592F028C3345600627137 /* Frameworks */ = {
			isa = PBXFrameworksBuildPhase;
			buildActionMask = 2147483647;
			files = (
				24B9BAF97C9ED4F974BBA5DE /* Pods_Checkout3DSecurePaymentTests.framework in Frameworks */,
			);
			runOnlyForDeploymentPostprocessing = 0;
		};
/* End PBXFrameworksBuildPhase section */

/* Begin PBXGroup section */
		3279F74B28C4402900E6C3D5 /* DesignSystem */ = {
			isa = PBXGroup;
			children = (
				3279F75428C4497E00E6C3D5 /* UIComponents */,
				3279F74C28C440BB00E6C3D5 /* DesignSystem.swift */,
				3279F74E28C4415600E6C3D5 /* Colors.swift */,
				3279F75728C44F0100E6C3D5 /* Fonts.swift */,
				3279F75A28C465A700E6C3D5 /* Styles.swift */,
				3279F76528C4762D00E6C3D5 /* Sizers.swift */,
			);
			path = DesignSystem;
			sourceTree = "<group>";
		};
		3279F75028C4484B00E6C3D5 /* Base */ = {
			isa = PBXGroup;
			children = (
				3279F75128C4486500E6C3D5 /* BaseViewController.swift */,
				3206E23128C5021E00AAA7BB /* BindableType.swift */,
			);
			path = Base;
			sourceTree = "<group>";
		};
		3279F75428C4497E00E6C3D5 /* UIComponents */ = {
			isa = PBXGroup;
			children = (
				32D998D028C39CB800082E8D /* TextInput.swift */,
				3279F75528C44CE300E6C3D5 /* Button.swift */,
			);
			path = UIComponents;
			sourceTree = "<group>";
		};
		3279F75C28C468C600E6C3D5 /* Resources */ = {
			isa = PBXGroup;
			children = (
				32A592E928C3345500627137 /* Assets.xcassets */,
				3279F75D28C468DD00E6C3D5 /* Localizable.strings */,
			);
			path = Resources;
			sourceTree = "<group>";
		};
		3279F76928C47E1600E6C3D5 /* Utils */ = {
			isa = PBXGroup;
			children = (
				3279F76A28C47E2100E6C3D5 /* CardUtils.swift */,
			);
			path = Utils;
			sourceTree = "<group>";
		};
		3279F76C28C4801A00E6C3D5 /* Utils */ = {
			isa = PBXGroup;
			children = (
				3279F76D28C4803A00E6C3D5 /* CardUtilsTest.swift */,
			);
			path = Utils;
			sourceTree = "<group>";
		};
		3279F76F28C48B2200E6C3D5 /* Formatter */ = {
			isa = PBXGroup;
			children = (
				3279F77028C48B3000E6C3D5 /* Formattable.swift */,
				3279F77228C48B4C00E6C3D5 /* CreditCardNumberFormatter.swift */,
				3206E22F28C4FC3500AAA7BB /* ExpiryDateFormatter.swift */,
			);
			path = Formatter;
			sourceTree = "<group>";
		};
		327C019828C4C0D800C9A3C2 /* Validator */ = {
			isa = PBXGroup;
			children = (
				327C019928C4C0E500C9A3C2 /* Validator.swift */,
				327C019B28C4C15800C9A3C2 /* CreditCardValidator.swift */,
				3206E22728C4EAB400AAA7BB /* ExpiryDateValidator.swift */,
				3206E22D28C4ED2400AAA7BB /* CVVValidator.swift */,
			);
			path = Validator;
			sourceTree = "<group>";
		};
		327E4E7828C3CDC400E8923B /* Extensions */ = {
			isa = PBXGroup;
			children = (
				327E4E7928C3CDD600E8923B /* UIStackView.swift */,
				3206E22928C4EB8600AAA7BB /* String.swift */,
				3206E22B28C4EC0800AAA7BB /* Date.swift */,
				32DDD5D128C5EEE300B6985C /* Array.swift */,
				32DDD5D328C5F4F200B6985C /* URLRequest.swift */,
			);
			path = Extensions;
			sourceTree = "<group>";
		};
		32A592D428C3345300627137 = {
			isa = PBXGroup;
			children = (
				32A592DF28C3345300627137 /* Checkout3DSecurePayment */,
				32A592F628C3345600627137 /* Checkout3DSecurePaymentTests */,
				32A592DE28C3345300627137 /* Products */,
				D7B7774305122747B9D5EEC2 /* Pods */,
				6E4A2CEACC89E14E99D3CE33 /* Frameworks */,
			);
			sourceTree = "<group>";
		};
		32A592DE28C3345300627137 /* Products */ = {
			isa = PBXGroup;
			children = (
				32A592DD28C3345300627137 /* Checkout3DSecurePayment.app */,
				32A592F328C3345600627137 /* Checkout3DSecurePaymentTests.xctest */,
			);
			name = Products;
			sourceTree = "<group>";
		};
		32A592DF28C3345300627137 /* Checkout3DSecurePayment */ = {
			isa = PBXGroup;
			children = (
				32DDD5C328C5DC5100B6985C /* Service */,
				3279F75C28C468C600E6C3D5 /* Resources */,
				32D998CB28C396DB00082E8D /* Common */,
				32D998C628C393DC00082E8D /* Coordinator */,
				32A5931028C337FD00627137 /* Features */,
				32A592E028C3345300627137 /* AppDelegate.swift */,
				32A592E228C3345300627137 /* SceneDelegate.swift */,
				32A592EB28C3345500627137 /* LaunchScreen.storyboard */,
				32A592EE28C3345500627137 /* Info.plist */,
			);
			path = Checkout3DSecurePayment;
			sourceTree = "<group>";
		};
		32A592F628C3345600627137 /* Checkout3DSecurePaymentTests */ = {
			isa = PBXGroup;
			children = (
				32DDD5BE28C5CE3B00B6985C /* Formatter */,
				32DDD5B728C5C28800B6985C /* Validator */,
				32DDD5B228C5B43600B6985C /* Extension */,
				3279F76C28C4801A00E6C3D5 /* Utils */,
				32A592F728C3345600627137 /* Checkout3DSecurePaymentTests.swift */,
			);
			path = Checkout3DSecurePaymentTests;
			sourceTree = "<group>";
		};
		32A5931028C337FD00627137 /* Features */ = {
			isa = PBXGroup;
			children = (
				32D998D828C3BADC00082E8D /* CardPayment */,
			);
			path = Features;
			sourceTree = "<group>";
		};
		32D28F8B28C621E600A8E4AA /* PaymentComplete */ = {
			isa = PBXGroup;
			children = (
				32D28F8C28C6221200A8E4AA /* PaymentComplete.swift */,
				32D28F8E28C6225300A8E4AA /* PaymentCompleteViewController.swift */,
			);
			path = PaymentComplete;
			sourceTree = "<group>";
		};
		32D998C628C393DC00082E8D /* Coordinator */ = {
			isa = PBXGroup;
			children = (
				32D998C728C393ED00082E8D /* Coordinator.swift */,
				32D998C928C3940600082E8D /* MainCoordinator.swift */,
			);
			path = Coordinator;
			sourceTree = "<group>";
		};
		32D998CB28C396DB00082E8D /* Common */ = {
			isa = PBXGroup;
			children = (
				3279F76928C47E1600E6C3D5 /* Utils */,
				3279F75028C4484B00E6C3D5 /* Base */,
				3279F74B28C4402900E6C3D5 /* DesignSystem */,
				327E4E7828C3CDC400E8923B /* Extensions */,
				32D998D528C3AE0F00082E8D /* Core */,
				32D998D428C3ADEA00082E8D /* InputView */,
				3279F76128C46C5D00E6C3D5 /* Localization.swift */,
				3279F76328C4721C00E6C3D5 /* Constants.swift */,
			);
			path = Common;
			sourceTree = "<group>";
		};
		32D998D428C3ADEA00082E8D /* InputView */ = {
			isa = PBXGroup;
			children = (
				32D998CC28C3972100082E8D /* InputViewValidatable.swift */,
				32D998CE28C3984300082E8D /* InputViewDataProvidable.swift */,
			);
			path = InputView;
			sourceTree = "<group>";
		};
		32D998D528C3AE0F00082E8D /* Core */ = {
			isa = PBXGroup;
			children = (
				327C019828C4C0D800C9A3C2 /* Validator */,
				3279F76F28C48B2200E6C3D5 /* Formatter */,
				32D998D628C3AE1E00082E8D /* CreditCardType.swift */,
			);
			path = Core;
			sourceTree = "<group>";
		};
		32D998D828C3BADC00082E8D /* CardPayment */ = {
			isa = PBXGroup;
			children = (
				32D28F8B28C621E600A8E4AA /* PaymentComplete */,
				32DDD5D728C60C7D00B6985C /* 3DSPayment */,
				32DDD5CE28C5E4BB00B6985C /* Usecase */,
				32D998D928C3BAF200082E8D /* Views */,
				32A5931128C3381000627137 /* CardPayment.swift */,
				32A592E428C3345300627137 /* CardPaymentViewController.swift */,
				3206E23328C502DD00AAA7BB /* CardPaymentViewModel.swift */,
				32D998D228C3A12100082E8D /* CreditCardInputViewModel.swift */,
				327E4E7D28C3CF8A00E8923B /* ExpiryViewModel.swift */,
				327E4E7F28C3CFCA00E8923B /* CVVViewModel.swift */,
				327E4E8128C3D20600E8923B /* ExpiryCVVViewModel.swift */,
			);
			path = CardPayment;
			sourceTree = "<group>";
		};
		32D998D928C3BAF200082E8D /* Views */ = {
			isa = PBXGroup;
			children = (
				32D998DA28C3BB2400082E8D /* AcceptedCardsView.swift */,
				327E4E7B28C3CEEA00E8923B /* ExpiryCVVView.swift */,
			);
			path = Views;
			sourceTree = "<group>";
		};
		32DDD5B228C5B43600B6985C /* Extension */ = {
			isa = PBXGroup;
			children = (
				32DDD5B328C5B44D00B6985C /* StringExtensionTest.swift */,
				32DDD5B528C5B61900B6985C /* DateExtensionTests.swift */,
			);
			path = Extension;
			sourceTree = "<group>";
		};
		32DDD5B728C5C28800B6985C /* Validator */ = {
			isa = PBXGroup;
			children = (
				32DDD5B828C5C2CB00B6985C /* CreditCardValidatorTest.swift */,
				32DDD5BA28C5C8E700B6985C /* ExpiryDateValidatorTest.swift */,
				32DDD5BC28C5CCF400B6985C /* CVVValidatorTest.swift */,
			);
			path = Validator;
			sourceTree = "<group>";
		};
		32DDD5BE28C5CE3B00B6985C /* Formatter */ = {
			isa = PBXGroup;
			children = (
				32DDD5BF28C5CE5400B6985C /* CreditCardNumberFormatterTest.swift */,
				32DDD5C128C5D07800B6985C /* ExpiryDateFormatterTest.swift */,
			);
			path = Formatter;
			sourceTree = "<group>";
		};
		32DDD5C328C5DC5100B6985C /* Service */ = {
			isa = PBXGroup;
			children = (
				32DDD5C428C5DC6800B6985C /* DataProvider.swift */,
				32DDD5C628C5DCA800B6985C /* EndPoint.swift */,
				32DDD5C828C5DE2800B6985C /* NetworkAgent.swift */,
				32DDD5CA28C5E46F00B6985C /* Service.swift */,
				32DDD5CC28C5E49000B6985C /* ServiceFactory.swift */,
			);
			path = Service;
			sourceTree = "<group>";
		};
		32DDD5CE28C5E4BB00B6985C /* Usecase */ = {
			isa = PBXGroup;
			children = (
				32DDD5CF28C5E4C900B6985C /* CardPaymentUseCase.swift */,
				32DDD5D528C5F8DC00B6985C /* PaymentRequestBody.swift */,
			);
			path = Usecase;
			sourceTree = "<group>";
		};
		32DDD5D728C60C7D00B6985C /* 3DSPayment */ = {
			isa = PBXGroup;
			children = (
				32DDD5D828C60C9400B6985C /* ThreeDSPayment.swift */,
				32DDD5DA28C60E3C00B6985C /* ThreeDSWebViewController.swift */,
				32DDD5DC28C60F0900B6985C /* ThreeDSPaymentProtocoal.swift */,
			);
			path = 3DSPayment;
			sourceTree = "<group>";
		};
		6E4A2CEACC89E14E99D3CE33 /* Frameworks */ = {
			isa = PBXGroup;
			children = (
				E905BE8B37E97C3410FA4955 /* Pods_Checkout3DSecurePayment.framework */,
				4360E96721374737E3064EDD /* Pods_Checkout3DSecurePaymentTests.framework */,
			);
			name = Frameworks;
			sourceTree = "<group>";
		};
		D7B7774305122747B9D5EEC2 /* Pods */ = {
			isa = PBXGroup;
			children = (
				EA13B7E33A009684E59DEDEE /* Pods-Checkout3DSecurePayment.debug.xcconfig */,
				6B462831B8C9112866DBEAAE /* Pods-Checkout3DSecurePayment.release.xcconfig */,
				F879246BACC60BE82D044668 /* Pods-Checkout3DSecurePaymentTests.debug.xcconfig */,
				6743217FFA42CE3AE14DB75A /* Pods-Checkout3DSecurePaymentTests.release.xcconfig */,
			);
			path = Pods;
			sourceTree = "<group>";
		};
/* End PBXGroup section */

/* Begin PBXNativeTarget section */
		32A592DC28C3345300627137 /* Checkout3DSecurePayment */ = {
			isa = PBXNativeTarget;
			buildConfigurationList = 32A5930728C3345600627137 /* Build configuration list for PBXNativeTarget "Checkout3DSecurePayment" */;
			buildPhases = (
				5952D2DC073404CB79D75A49 /* [CP] Check Pods Manifest.lock */,
				32A5931328C33D5900627137 /* Swiftlint */,
				32A592D928C3345300627137 /* Sources */,
				32A592DA28C3345300627137 /* Frameworks */,
				32A592DB28C3345300627137 /* Resources */,
				C47F4BAE8D85B1D846EE8EBB /* [CP] Embed Pods Frameworks */,
			);
			buildRules = (
			);
			dependencies = (
			);
			name = Checkout3DSecurePayment;
			productName = Checkout3DSecurePayment;
			productReference = 32A592DD28C3345300627137 /* Checkout3DSecurePayment.app */;
			productType = "com.apple.product-type.application";
		};
		32A592F228C3345600627137 /* Checkout3DSecurePaymentTests */ = {
			isa = PBXNativeTarget;
			buildConfigurationList = 32A5930A28C3345600627137 /* Build configuration list for PBXNativeTarget "Checkout3DSecurePaymentTests" */;
			buildPhases = (
				DCFB3FC538229C0AE41EAA3E /* [CP] Check Pods Manifest.lock */,
				32A592EF28C3345600627137 /* Sources */,
				32A592F028C3345600627137 /* Frameworks */,
				32A592F128C3345600627137 /* Resources */,
				9205F4A16660CE3F6F627DDD /* [CP] Embed Pods Frameworks */,
			);
			buildRules = (
			);
			dependencies = (
				32A592F528C3345600627137 /* PBXTargetDependency */,
			);
			name = Checkout3DSecurePaymentTests;
			productName = Checkout3DSecurePaymentTests;
			productReference = 32A592F328C3345600627137 /* Checkout3DSecurePaymentTests.xctest */;
			productType = "com.apple.product-type.bundle.unit-test";
		};
/* End PBXNativeTarget section */

/* Begin PBXProject section */
		32A592D528C3345300627137 /* Project object */ = {
			isa = PBXProject;
			attributes = {
				BuildIndependentTargetsInParallel = 1;
				LastSwiftUpdateCheck = 1340;
				LastUpgradeCheck = 1340;
				TargetAttributes = {
					32A592DC28C3345300627137 = {
						CreatedOnToolsVersion = 13.4.1;
					};
					32A592F228C3345600627137 = {
						CreatedOnToolsVersion = 13.4.1;
						TestTargetID = 32A592DC28C3345300627137;
					};
				};
			};
			buildConfigurationList = 32A592D828C3345300627137 /* Build configuration list for PBXProject "Checkout3DSecurePayment" */;
			compatibilityVersion = "Xcode 13.0";
			developmentRegion = en;
			hasScannedForEncodings = 0;
			knownRegions = (
				en,
				Base,
			);
			mainGroup = 32A592D428C3345300627137;
			productRefGroup = 32A592DE28C3345300627137 /* Products */;
			projectDirPath = "";
			projectRoot = "";
			targets = (
				32A592DC28C3345300627137 /* Checkout3DSecurePayment */,
				32A592F228C3345600627137 /* Checkout3DSecurePaymentTests */,
			);
		};
/* End PBXProject section */

/* Begin PBXResourcesBuildPhase section */
		32A592DB28C3345300627137 /* Resources */ = {
			isa = PBXResourcesBuildPhase;
			buildActionMask = 2147483647;
			files = (
				32A592ED28C3345500627137 /* LaunchScreen.storyboard in Resources */,
				3279F75E28C468DD00E6C3D5 /* Localizable.strings in Resources */,
				32A592EA28C3345500627137 /* Assets.xcassets in Resources */,
			);
			runOnlyForDeploymentPostprocessing = 0;
		};
		32A592F128C3345600627137 /* Resources */ = {
			isa = PBXResourcesBuildPhase;
			buildActionMask = 2147483647;
			files = (
			);
			runOnlyForDeploymentPostprocessing = 0;
		};
/* End PBXResourcesBuildPhase section */

/* Begin PBXShellScriptBuildPhase section */
		32A5931328C33D5900627137 /* Swiftlint */ = {
			isa = PBXShellScriptBuildPhase;
			buildActionMask = 2147483647;
			files = (
			);
			inputFileListPaths = (
			);
			inputPaths = (
			);
			name = Swiftlint;
			outputFileListPaths = (
			);
			outputPaths = (
			);
			runOnlyForDeploymentPostprocessing = 0;
			shellPath = /bin/sh;
			shellScript = "if which swiftlint > /dev/null; then\n  ${PODS_ROOT}/SwiftLint/swiftlint\nelse\n  echo \"warning: SwiftLint not installed, download from https://github.com/realm/SwiftLint\"\nfi\n";
		};
		5952D2DC073404CB79D75A49 /* [CP] Check Pods Manifest.lock */ = {
			isa = PBXShellScriptBuildPhase;
			buildActionMask = 2147483647;
			files = (
			);
			inputFileListPaths = (
			);
			inputPaths = (
				"${PODS_PODFILE_DIR_PATH}/Podfile.lock",
				"${PODS_ROOT}/Manifest.lock",
			);
			name = "[CP] Check Pods Manifest.lock";
			outputFileListPaths = (
			);
			outputPaths = (
				"$(DERIVED_FILE_DIR)/Pods-Checkout3DSecurePayment-checkManifestLockResult.txt",
			);
			runOnlyForDeploymentPostprocessing = 0;
			shellPath = /bin/sh;
			shellScript = "diff \"${PODS_PODFILE_DIR_PATH}/Podfile.lock\" \"${PODS_ROOT}/Manifest.lock\" > /dev/null\nif [ $? != 0 ] ; then\n    # print error to STDERR\n    echo \"error: The sandbox is not in sync with the Podfile.lock. Run 'pod install' or update your CocoaPods installation.\" >&2\n    exit 1\nfi\n# This output is used by Xcode 'outputs' to avoid re-running this script phase.\necho \"SUCCESS\" > \"${SCRIPT_OUTPUT_FILE_0}\"\n";
			showEnvVarsInLog = 0;
		};
		9205F4A16660CE3F6F627DDD /* [CP] Embed Pods Frameworks */ = {
			isa = PBXShellScriptBuildPhase;
			buildActionMask = 2147483647;
			files = (
			);
			inputFileListPaths = (
				"${PODS_ROOT}/Target Support Files/Pods-Checkout3DSecurePaymentTests/Pods-Checkout3DSecurePaymentTests-frameworks-${CONFIGURATION}-input-files.xcfilelist",
			);
			name = "[CP] Embed Pods Frameworks";
			outputFileListPaths = (
				"${PODS_ROOT}/Target Support Files/Pods-Checkout3DSecurePaymentTests/Pods-Checkout3DSecurePaymentTests-frameworks-${CONFIGURATION}-output-files.xcfilelist",
			);
			runOnlyForDeploymentPostprocessing = 0;
			shellPath = /bin/sh;
			shellScript = "\"${PODS_ROOT}/Target Support Files/Pods-Checkout3DSecurePaymentTests/Pods-Checkout3DSecurePaymentTests-frameworks.sh\"\n";
			showEnvVarsInLog = 0;
		};
		C47F4BAE8D85B1D846EE8EBB /* [CP] Embed Pods Frameworks */ = {
			isa = PBXShellScriptBuildPhase;
			buildActionMask = 2147483647;
			files = (
			);
			inputFileListPaths = (
				"${PODS_ROOT}/Target Support Files/Pods-Checkout3DSecurePayment/Pods-Checkout3DSecurePayment-frameworks-${CONFIGURATION}-input-files.xcfilelist",
			);
			name = "[CP] Embed Pods Frameworks";
			outputFileListPaths = (
				"${PODS_ROOT}/Target Support Files/Pods-Checkout3DSecurePayment/Pods-Checkout3DSecurePayment-frameworks-${CONFIGURATION}-output-files.xcfilelist",
			);
			runOnlyForDeploymentPostprocessing = 0;
			shellPath = /bin/sh;
			shellScript = "\"${PODS_ROOT}/Target Support Files/Pods-Checkout3DSecurePayment/Pods-Checkout3DSecurePayment-frameworks.sh\"\n";
			showEnvVarsInLog = 0;
		};
		DCFB3FC538229C0AE41EAA3E /* [CP] Check Pods Manifest.lock */ = {
			isa = PBXShellScriptBuildPhase;
			buildActionMask = 2147483647;
			files = (
			);
			inputFileListPaths = (
			);
			inputPaths = (
				"${PODS_PODFILE_DIR_PATH}/Podfile.lock",
				"${PODS_ROOT}/Manifest.lock",
			);
			name = "[CP] Check Pods Manifest.lock";
			outputFileListPaths = (
			);
			outputPaths = (
				"$(DERIVED_FILE_DIR)/Pods-Checkout3DSecurePaymentTests-checkManifestLockResult.txt",
			);
			runOnlyForDeploymentPostprocessing = 0;
			shellPath = /bin/sh;
			shellScript = "diff \"${PODS_PODFILE_DIR_PATH}/Podfile.lock\" \"${PODS_ROOT}/Manifest.lock\" > /dev/null\nif [ $? != 0 ] ; then\n    # print error to STDERR\n    echo \"error: The sandbox is not in sync with the Podfile.lock. Run 'pod install' or update your CocoaPods installation.\" >&2\n    exit 1\nfi\n# This output is used by Xcode 'outputs' to avoid re-running this script phase.\necho \"SUCCESS\" > \"${SCRIPT_OUTPUT_FILE_0}\"\n";
			showEnvVarsInLog = 0;
		};
/* End PBXShellScriptBuildPhase section */

/* Begin PBXSourcesBuildPhase section */
		32A592D928C3345300627137 /* Sources */ = {
			isa = PBXSourcesBuildPhase;
			buildActionMask = 2147483647;
			files = (
				32DDD5D628C5F8DC00B6985C /* PaymentRequestBody.swift in Sources */,
				32DDD5D028C5E4C900B6985C /* CardPaymentUseCase.swift in Sources */,
				32DDD5D428C5F4F200B6985C /* URLRequest.swift in Sources */,
				3279F76428C4721C00E6C3D5 /* Constants.swift in Sources */,
				32A5931228C3381000627137 /* CardPayment.swift in Sources */,
				32DDD5C728C5DCA800B6985C /* EndPoint.swift in Sources */,
				32D998CA28C3940600082E8D /* MainCoordinator.swift in Sources */,
				32A592E528C3345300627137 /* CardPaymentViewController.swift in Sources */,
				32D998C828C393ED00082E8D /* Coordinator.swift in Sources */,
				327E4E7E28C3CF8A00E8923B /* ExpiryViewModel.swift in Sources */,
				327C019C28C4C15800C9A3C2 /* CreditCardValidator.swift in Sources */,
				3279F75228C4486500E6C3D5 /* BaseViewController.swift in Sources */,
				32DDD5D928C60C9400B6985C /* ThreeDSPayment.swift in Sources */,
				32D28F8D28C6221200A8E4AA /* PaymentComplete.swift in Sources */,
				32A592E128C3345300627137 /* AppDelegate.swift in Sources */,
				3279F75628C44CE300E6C3D5 /* Button.swift in Sources */,
				32DDD5CD28C5E49000B6985C /* ServiceFactory.swift in Sources */,
				3279F75B28C465A700E6C3D5 /* Styles.swift in Sources */,
				3279F75828C44F0100E6C3D5 /* Fonts.swift in Sources */,
				32DDD5C528C5DC6800B6985C /* DataProvider.swift in Sources */,
				3206E22A28C4EB8600AAA7BB /* String.swift in Sources */,
				32DDD5DD28C60F0900B6985C /* ThreeDSPaymentProtocoal.swift in Sources */,
				32D998D128C39CB800082E8D /* TextInput.swift in Sources */,
				32D998CF28C3984300082E8D /* InputViewDataProvidable.swift in Sources */,
				32D28F8F28C6225300A8E4AA /* PaymentCompleteViewController.swift in Sources */,
				3206E23028C4FC3500AAA7BB /* ExpiryDateFormatter.swift in Sources */,
				327E4E8028C3CFCA00E8923B /* CVVViewModel.swift in Sources */,
				32DDD5DB28C60E3C00B6985C /* ThreeDSWebViewController.swift in Sources */,
				3206E22E28C4ED2400AAA7BB /* CVVValidator.swift in Sources */,
				32D998DB28C3BB2400082E8D /* AcceptedCardsView.swift in Sources */,
				3279F76628C4762D00E6C3D5 /* Sizers.swift in Sources */,
				3279F76228C46C5D00E6C3D5 /* Localization.swift in Sources */,
				32D998CD28C3972100082E8D /* InputViewValidatable.swift in Sources */,
				32D998D328C3A12100082E8D /* CreditCardInputViewModel.swift in Sources */,
				3279F74F28C4415600E6C3D5 /* Colors.swift in Sources */,
				3279F74D28C440BB00E6C3D5 /* DesignSystem.swift in Sources */,
				3206E22C28C4EC0800AAA7BB /* Date.swift in Sources */,
				32D998D728C3AE1E00082E8D /* CreditCardType.swift in Sources */,
				32DDD5CB28C5E46F00B6985C /* Service.swift in Sources */,
				327C019A28C4C0E500C9A3C2 /* Validator.swift in Sources */,
				327E4E7C28C3CEEA00E8923B /* ExpiryCVVView.swift in Sources */,
				3206E22828C4EAB400AAA7BB /* ExpiryDateValidator.swift in Sources */,
				327E4E7A28C3CDD600E8923B /* UIStackView.swift in Sources */,
				32DDD5D228C5EEE400B6985C /* Array.swift in Sources */,
				3279F76B28C47E2100E6C3D5 /* CardUtils.swift in Sources */,
				3279F77328C48B4C00E6C3D5 /* CreditCardNumberFormatter.swift in Sources */,
				3279F77128C48B3000E6C3D5 /* Formattable.swift in Sources */,
				327E4E8228C3D20600E8923B /* ExpiryCVVViewModel.swift in Sources */,
				3206E23428C502DD00AAA7BB /* CardPaymentViewModel.swift in Sources */,
				32DDD5C928C5DE2800B6985C /* NetworkAgent.swift in Sources */,
				3206E23228C5021E00AAA7BB /* BindableType.swift in Sources */,
				32A592E328C3345300627137 /* SceneDelegate.swift in Sources */,
			);
			runOnlyForDeploymentPostprocessing = 0;
		};
		32A592EF28C3345600627137 /* Sources */ = {
			isa = PBXSourcesBuildPhase;
			buildActionMask = 2147483647;
			files = (
				32DDD5C028C5CE5400B6985C /* CreditCardNumberFormatterTest.swift in Sources */,
				32A592F828C3345600627137 /* Checkout3DSecurePaymentTests.swift in Sources */,
				32DDD5B628C5B61900B6985C /* DateExtensionTests.swift in Sources */,
				32DDD5B428C5B44D00B6985C /* StringExtensionTest.swift in Sources */,
				32DDD5BB28C5C8E700B6985C /* ExpiryDateValidatorTest.swift in Sources */,
				32DDD5B928C5C2CB00B6985C /* CreditCardValidatorTest.swift in Sources */,
				32DDD5C228C5D07800B6985C /* ExpiryDateFormatterTest.swift in Sources */,
				3279F76E28C4803A00E6C3D5 /* CardUtilsTest.swift in Sources */,
				32DDD5BD28C5CCF400B6985C /* CVVValidatorTest.swift in Sources */,
			);
			runOnlyForDeploymentPostprocessing = 0;
		};
/* End PBXSourcesBuildPhase section */

/* Begin PBXTargetDependency section */
		32A592F528C3345600627137 /* PBXTargetDependency */ = {
			isa = PBXTargetDependency;
			target = 32A592DC28C3345300627137 /* Checkout3DSecurePayment */;
			targetProxy = 32A592F428C3345600627137 /* PBXContainerItemProxy */;
		};
/* End PBXTargetDependency section */

/* Begin PBXVariantGroup section */
		32A592EB28C3345500627137 /* LaunchScreen.storyboard */ = {
			isa = PBXVariantGroup;
			children = (
				32A592EC28C3345500627137 /* Base */,
			);
			name = LaunchScreen.storyboard;
			sourceTree = "<group>";
		};
/* End PBXVariantGroup section */

/* Begin XCBuildConfiguration section */
		32A5930528C3345600627137 /* Debug */ = {
			isa = XCBuildConfiguration;
			buildSettings = {
				ALWAYS_SEARCH_USER_PATHS = NO;
				CLANG_ANALYZER_NONNULL = YES;
				CLANG_ANALYZER_NUMBER_OBJECT_CONVERSION = YES_AGGRESSIVE;
				CLANG_CXX_LANGUAGE_STANDARD = "gnu++17";
				CLANG_ENABLE_MODULES = YES;
				CLANG_ENABLE_OBJC_ARC = YES;
				CLANG_ENABLE_OBJC_WEAK = YES;
				CLANG_WARN_BLOCK_CAPTURE_AUTORELEASING = YES;
				CLANG_WARN_BOOL_CONVERSION = YES;
				CLANG_WARN_COMMA = YES;
				CLANG_WARN_CONSTANT_CONVERSION = YES;
				CLANG_WARN_DEPRECATED_OBJC_IMPLEMENTATIONS = YES;
				CLANG_WARN_DIRECT_OBJC_ISA_USAGE = YES_ERROR;
				CLANG_WARN_DOCUMENTATION_COMMENTS = YES;
				CLANG_WARN_EMPTY_BODY = YES;
				CLANG_WARN_ENUM_CONVERSION = YES;
				CLANG_WARN_INFINITE_RECURSION = YES;
				CLANG_WARN_INT_CONVERSION = YES;
				CLANG_WARN_NON_LITERAL_NULL_CONVERSION = YES;
				CLANG_WARN_OBJC_IMPLICIT_RETAIN_SELF = YES;
				CLANG_WARN_OBJC_LITERAL_CONVERSION = YES;
				CLANG_WARN_OBJC_ROOT_CLASS = YES_ERROR;
				CLANG_WARN_QUOTED_INCLUDE_IN_FRAMEWORK_HEADER = YES;
				CLANG_WARN_RANGE_LOOP_ANALYSIS = YES;
				CLANG_WARN_STRICT_PROTOTYPES = YES;
				CLANG_WARN_SUSPICIOUS_MOVE = YES;
				CLANG_WARN_UNGUARDED_AVAILABILITY = YES_AGGRESSIVE;
				CLANG_WARN_UNREACHABLE_CODE = YES;
				CLANG_WARN__DUPLICATE_METHOD_MATCH = YES;
				COPY_PHASE_STRIP = NO;
				DEBUG_INFORMATION_FORMAT = dwarf;
				ENABLE_STRICT_OBJC_MSGSEND = YES;
				ENABLE_TESTABILITY = YES;
				GCC_C_LANGUAGE_STANDARD = gnu11;
				GCC_DYNAMIC_NO_PIC = NO;
				GCC_NO_COMMON_BLOCKS = YES;
				GCC_OPTIMIZATION_LEVEL = 0;
				GCC_PREPROCESSOR_DEFINITIONS = (
					"DEBUG=1",
					"$(inherited)",
				);
				GCC_WARN_64_TO_32_BIT_CONVERSION = YES;
				GCC_WARN_ABOUT_RETURN_TYPE = YES_ERROR;
				GCC_WARN_UNDECLARED_SELECTOR = YES;
				GCC_WARN_UNINITIALIZED_AUTOS = YES_AGGRESSIVE;
				GCC_WARN_UNUSED_FUNCTION = YES;
				GCC_WARN_UNUSED_VARIABLE = YES;
				IPHONEOS_DEPLOYMENT_TARGET = 15.0;
				MTL_ENABLE_DEBUG_INFO = INCLUDE_SOURCE;
				MTL_FAST_MATH = YES;
				ONLY_ACTIVE_ARCH = YES;
				SDKROOT = iphoneos;
				SWIFT_ACTIVE_COMPILATION_CONDITIONS = DEBUG;
				SWIFT_OPTIMIZATION_LEVEL = "-Onone";
			};
			name = Debug;
		};
		32A5930628C3345600627137 /* Release */ = {
			isa = XCBuildConfiguration;
			buildSettings = {
				ALWAYS_SEARCH_USER_PATHS = NO;
				CLANG_ANALYZER_NONNULL = YES;
				CLANG_ANALYZER_NUMBER_OBJECT_CONVERSION = YES_AGGRESSIVE;
				CLANG_CXX_LANGUAGE_STANDARD = "gnu++17";
				CLANG_ENABLE_MODULES = YES;
				CLANG_ENABLE_OBJC_ARC = YES;
				CLANG_ENABLE_OBJC_WEAK = YES;
				CLANG_WARN_BLOCK_CAPTURE_AUTORELEASING = YES;
				CLANG_WARN_BOOL_CONVERSION = YES;
				CLANG_WARN_COMMA = YES;
				CLANG_WARN_CONSTANT_CONVERSION = YES;
				CLANG_WARN_DEPRECATED_OBJC_IMPLEMENTATIONS = YES;
				CLANG_WARN_DIRECT_OBJC_ISA_USAGE = YES_ERROR;
				CLANG_WARN_DOCUMENTATION_COMMENTS = YES;
				CLANG_WARN_EMPTY_BODY = YES;
				CLANG_WARN_ENUM_CONVERSION = YES;
				CLANG_WARN_INFINITE_RECURSION = YES;
				CLANG_WARN_INT_CONVERSION = YES;
				CLANG_WARN_NON_LITERAL_NULL_CONVERSION = YES;
				CLANG_WARN_OBJC_IMPLICIT_RETAIN_SELF = YES;
				CLANG_WARN_OBJC_LITERAL_CONVERSION = YES;
				CLANG_WARN_OBJC_ROOT_CLASS = YES_ERROR;
				CLANG_WARN_QUOTED_INCLUDE_IN_FRAMEWORK_HEADER = YES;
				CLANG_WARN_RANGE_LOOP_ANALYSIS = YES;
				CLANG_WARN_STRICT_PROTOTYPES = YES;
				CLANG_WARN_SUSPICIOUS_MOVE = YES;
				CLANG_WARN_UNGUARDED_AVAILABILITY = YES_AGGRESSIVE;
				CLANG_WARN_UNREACHABLE_CODE = YES;
				CLANG_WARN__DUPLICATE_METHOD_MATCH = YES;
				COPY_PHASE_STRIP = NO;
				DEBUG_INFORMATION_FORMAT = "dwarf-with-dsym";
				ENABLE_NS_ASSERTIONS = NO;
				ENABLE_STRICT_OBJC_MSGSEND = YES;
				GCC_C_LANGUAGE_STANDARD = gnu11;
				GCC_NO_COMMON_BLOCKS = YES;
				GCC_WARN_64_TO_32_BIT_CONVERSION = YES;
				GCC_WARN_ABOUT_RETURN_TYPE = YES_ERROR;
				GCC_WARN_UNDECLARED_SELECTOR = YES;
				GCC_WARN_UNINITIALIZED_AUTOS = YES_AGGRESSIVE;
				GCC_WARN_UNUSED_FUNCTION = YES;
				GCC_WARN_UNUSED_VARIABLE = YES;
				IPHONEOS_DEPLOYMENT_TARGET = 15.0;
				MTL_ENABLE_DEBUG_INFO = NO;
				MTL_FAST_MATH = YES;
				SDKROOT = iphoneos;
				SWIFT_COMPILATION_MODE = wholemodule;
				SWIFT_OPTIMIZATION_LEVEL = "-O";
				VALIDATE_PRODUCT = YES;
			};
			name = Release;
		};
		32A5930828C3345600627137 /* Debug */ = {
			isa = XCBuildConfiguration;
			baseConfigurationReference = EA13B7E33A009684E59DEDEE /* Pods-Checkout3DSecurePayment.debug.xcconfig */;
			buildSettings = {
				ASSETCATALOG_COMPILER_APPICON_NAME = AppIcon;
				ASSETCATALOG_COMPILER_GLOBAL_ACCENT_COLOR_NAME = AccentColor;
				CODE_SIGN_STYLE = Automatic;
				CURRENT_PROJECT_VERSION = 1;
				GENERATE_INFOPLIST_FILE = YES;
				INFOPLIST_FILE = Checkout3DSecurePayment/Info.plist;
				INFOPLIST_KEY_UIApplicationSupportsIndirectInputEvents = YES;
				INFOPLIST_KEY_UILaunchStoryboardName = LaunchScreen;
				INFOPLIST_KEY_UISupportedInterfaceOrientations_iPad = "UIInterfaceOrientationPortrait UIInterfaceOrientationPortraitUpsideDown UIInterfaceOrientationLandscapeLeft UIInterfaceOrientationLandscapeRight";
				INFOPLIST_KEY_UISupportedInterfaceOrientations_iPhone = "UIInterfaceOrientationPortrait UIInterfaceOrientationLandscapeLeft UIInterfaceOrientationLandscapeRight";
				IPHONEOS_DEPLOYMENT_TARGET = 15.0;
				LD_RUNPATH_SEARCH_PATHS = (
					"$(inherited)",
					"@executable_path/Frameworks",
				);
				MARKETING_VERSION = 1.0;
				PRODUCT_BUNDLE_IDENTIFIER = com.checkout3dsecurepayment.krishan.Checkout3DSecurePayment;
				PRODUCT_NAME = "$(TARGET_NAME)";
				SWIFT_EMIT_LOC_STRINGS = YES;
				SWIFT_VERSION = 5.0;
				TARGETED_DEVICE_FAMILY = "1,2";
			};
			name = Debug;
		};
		32A5930928C3345600627137 /* Release */ = {
			isa = XCBuildConfiguration;
			baseConfigurationReference = 6B462831B8C9112866DBEAAE /* Pods-Checkout3DSecurePayment.release.xcconfig */;
			buildSettings = {
				ASSETCATALOG_COMPILER_APPICON_NAME = AppIcon;
				ASSETCATALOG_COMPILER_GLOBAL_ACCENT_COLOR_NAME = AccentColor;
				CODE_SIGN_STYLE = Automatic;
				CURRENT_PROJECT_VERSION = 1;
				GENERATE_INFOPLIST_FILE = YES;
				INFOPLIST_FILE = Checkout3DSecurePayment/Info.plist;
				INFOPLIST_KEY_UIApplicationSupportsIndirectInputEvents = YES;
				INFOPLIST_KEY_UILaunchStoryboardName = LaunchScreen;
				INFOPLIST_KEY_UISupportedInterfaceOrientations_iPad = "UIInterfaceOrientationPortrait UIInterfaceOrientationPortraitUpsideDown UIInterfaceOrientationLandscapeLeft UIInterfaceOrientationLandscapeRight";
				INFOPLIST_KEY_UISupportedInterfaceOrientations_iPhone = "UIInterfaceOrientationPortrait UIInterfaceOrientationLandscapeLeft UIInterfaceOrientationLandscapeRight";
				IPHONEOS_DEPLOYMENT_TARGET = 15.0;
				LD_RUNPATH_SEARCH_PATHS = (
					"$(inherited)",
					"@executable_path/Frameworks",
				);
				MARKETING_VERSION = 1.0;
				PRODUCT_BUNDLE_IDENTIFIER = com.checkout3dsecurepayment.krishan.Checkout3DSecurePayment;
				PRODUCT_NAME = "$(TARGET_NAME)";
				SWIFT_EMIT_LOC_STRINGS = YES;
				SWIFT_VERSION = 5.0;
				TARGETED_DEVICE_FAMILY = "1,2";
			};
			name = Release;
		};
		32A5930B28C3345600627137 /* Debug */ = {
			isa = XCBuildConfiguration;
			baseConfigurationReference = F879246BACC60BE82D044668 /* Pods-Checkout3DSecurePaymentTests.debug.xcconfig */;
			buildSettings = {
				ALWAYS_EMBED_SWIFT_STANDARD_LIBRARIES = YES;
				BUNDLE_LOADER = "$(TEST_HOST)";
				CODE_SIGN_STYLE = Automatic;
				CURRENT_PROJECT_VERSION = 1;
				GENERATE_INFOPLIST_FILE = YES;
				IPHONEOS_DEPLOYMENT_TARGET = 15.0;
				MARKETING_VERSION = 1.0;
				PRODUCT_BUNDLE_IDENTIFIER = com.checkout3dsecurepayment.krishan.Checkout3DSecurePaymentTests;
				PRODUCT_NAME = "$(TARGET_NAME)";
				SWIFT_EMIT_LOC_STRINGS = NO;
				SWIFT_VERSION = 5.0;
				TARGETED_DEVICE_FAMILY = "1,2";
				TEST_HOST = "$(BUILT_PRODUCTS_DIR)/Checkout3DSecurePayment.app/Checkout3DSecurePayment";
			};
			name = Debug;
		};
		32A5930C28C3345600627137 /* Release */ = {
			isa = XCBuildConfiguration;
			baseConfigurationReference = 6743217FFA42CE3AE14DB75A /* Pods-Checkout3DSecurePaymentTests.release.xcconfig */;
			buildSettings = {
				ALWAYS_EMBED_SWIFT_STANDARD_LIBRARIES = YES;
				BUNDLE_LOADER = "$(TEST_HOST)";
				CODE_SIGN_STYLE = Automatic;
				CURRENT_PROJECT_VERSION = 1;
				GENERATE_INFOPLIST_FILE = YES;
				IPHONEOS_DEPLOYMENT_TARGET = 15.0;
				MARKETING_VERSION = 1.0;
				PRODUCT_BUNDLE_IDENTIFIER = com.checkout3dsecurepayment.krishan.Checkout3DSecurePaymentTests;
				PRODUCT_NAME = "$(TARGET_NAME)";
				SWIFT_EMIT_LOC_STRINGS = NO;
				SWIFT_VERSION = 5.0;
				TARGETED_DEVICE_FAMILY = "1,2";
				TEST_HOST = "$(BUILT_PRODUCTS_DIR)/Checkout3DSecurePayment.app/Checkout3DSecurePayment";
			};
			name = Release;
		};
/* End XCBuildConfiguration section */

/* Begin XCConfigurationList section */
		32A592D828C3345300627137 /* Build configuration list for PBXProject "Checkout3DSecurePayment" */ = {
			isa = XCConfigurationList;
			buildConfigurations = (
				32A5930528C3345600627137 /* Debug */,
				32A5930628C3345600627137 /* Release */,
			);
			defaultConfigurationIsVisible = 0;
			defaultConfigurationName = Release;
		};
		32A5930728C3345600627137 /* Build configuration list for PBXNativeTarget "Checkout3DSecurePayment" */ = {
			isa = XCConfigurationList;
			buildConfigurations = (
				32A5930828C3345600627137 /* Debug */,
				32A5930928C3345600627137 /* Release */,
			);
			defaultConfigurationIsVisible = 0;
			defaultConfigurationName = Release;
		};
		32A5930A28C3345600627137 /* Build configuration list for PBXNativeTarget "Checkout3DSecurePaymentTests" */ = {
			isa = XCConfigurationList;
			buildConfigurations = (
				32A5930B28C3345600627137 /* Debug */,
				32A5930C28C3345600627137 /* Release */,
			);
			defaultConfigurationIsVisible = 0;
			defaultConfigurationName = Release;
		};
/* End XCConfigurationList section */
	};
	rootObject = 32A592D528C3345300627137 /* Project object */;
}
